{
  "version": "1.0.0",
  "dependencies": {
    "rocks": {
      "478a726e64668e552b6e6f7afbbb55aea0ae2eba63fa75b2e0b9d1ebc1639fdb": {
        "name": "argparse",
        "version": "0.7.1-1",
        "pinned": false,
        "opt": false,
        "dependencies": [],
        "constraint": "==0.7",
        "binaries": [],
        "source": "luarocks_rockspec+https://luarocks.org/",
        "source_url": {
          "type": "url",
          "url": "https://github.com/luarocks/argparse/archive/0.7.1.zip"
        },
        "hashes": {
          "rockspec": "sha256-6EUIYsWhm29xlL8arP/3DQoRj/1CYWxs/J8+gz9T0YQ=",
          "source": "sha256-AJ8n6HTxqHPeQd0NKHiyQLzZ63+ebDsO1uP+0f0vYUE="
        }
      }
    },
    "entrypoints": [
      "478a726e64668e552b6e6f7afbbb55aea0ae2eba63fa75b2e0b9d1ebc1639fdb"
    ]
  }
}